
Microsoft Visual Studio Solution File, Format Version 12.00
# Visual Studio Version 17
VisualStudioVersion = 17.1.31911.260
MinimumVisualStudioVersion = 10.0.40219.1
Project("{FAE04EC0-301F-11D3-BF4B-00C04F79EFBC}") = "wtfisthis", "wtfisthis\wtfisthis.csproj", "{F36D0CD4-9472-4A3A-BFD4-533981A05C87}"
EndProject
Global
	GlobalSection(SolutionConfigurationPlatforms) = preSolution
		Debug|Any CPU = Debug|Any CPU
		Release|Any CPU = Release|Any CPU
	EndGlobalSection
	GlobalSection(ProjectConfigurationPlatforms) = postSolution
		{F36D0CD4-9472-4A3A-BFD4-533981A05C87}.Debug|Any CPU.ActiveCfg = Debug|Any CPU
		{F36D0CD4-9472-4A3A-BFD4-533981A05C87}.Debug|Any CPU.Build.0 = Debug|Any CPU
		{F36D0CD4-9472-4A3A-BFD4-533981A05C87}.Release|Any CPU.ActiveCfg = Release|Any CPU
		{F36D0CD4-9472-4A3A-BFD4-533981A05C87}.Release|Any CPU.Build.0 = Release|Any CPU
	EndGlobalSection
	GlobalSection(SolutionProperties) = preSolution
		HideSolutionNode = FALSE
	EndGlobalSection
	GlobalSection(ExtensibilityGlobals) = postSolution
		SolutionGuid = {510B632F-EF21-4D41-9D57-EC63255ED726}
	EndGlobalSection
EndGlobal
