
Microsoft Visual Studio Solution File, Format Version 12.00
# Visual Studio Version 17
VisualStudioVersion = 17.1.31911.260
MinimumVisualStudioVersion = 10.0.40219.1
Project("{9A19103F-16F7-4668-BE54-9A1E7A4F7556}") = "wtfisthis", "wtfisthis\wtfisthis.csproj", "{F36D0CD4-9472-4A3A-BFD4-533981A05C87}"
EndProject
Project("{2150E333-8FDC-42A3-9474-1A3956D46DE8}") = "Solution Items", "Solution Items", "{6B3C4726-C1C8-4D77-8DA0-94FBFFF3DC4F}"
	ProjectSection(SolutionItems) = preProject
		.editorconfig = .editorconfig
	EndProjectSection
EndProject
Global
	GlobalSection(SolutionConfigurationPlatforms) = preSolution
		Debug|Any CPU = Debug|Any CPU
		Debug|x64 = Debug|x64
		Release|Any CPU = Release|Any CPU
		Release|x64 = Release|x64
	EndGlobalSection
	GlobalSection(ProjectConfigurationPlatforms) = postSolution
		{F36D0CD4-9472-4A3A-BFD4-533981A05C87}.Debug|Any CPU.ActiveCfg = Debug|Any CPU
		{F36D0CD4-9472-4A3A-BFD4-533981A05C87}.Debug|Any CPU.Build.0 = Debug|Any CPU
		{F36D0CD4-9472-4A3A-BFD4-533981A05C87}.Debug|x64.ActiveCfg = Debug|x64
		{F36D0CD4-9472-4A3A-BFD4-533981A05C87}.Debug|x64.Build.0 = Debug|x64
		{F36D0CD4-9472-4A3A-BFD4-533981A05C87}.Release|Any CPU.ActiveCfg = Release|Any CPU
		{F36D0CD4-9472-4A3A-BFD4-533981A05C87}.Release|Any CPU.Build.0 = Release|Any CPU
		{F36D0CD4-9472-4A3A-BFD4-533981A05C87}.Release|x64.ActiveCfg = Release|x64
		{F36D0CD4-9472-4A3A-BFD4-533981A05C87}.Release|x64.Build.0 = Release|x64
	EndGlobalSection
	GlobalSection(SolutionProperties) = preSolution
		HideSolutionNode = FALSE
	EndGlobalSection
	GlobalSection(ExtensibilityGlobals) = postSolution
		SolutionGuid = {510B632F-EF21-4D41-9D57-EC63255ED726}
	EndGlobalSection
EndGlobal
